
Microsoft Visual Studio Solution File, Format Version 12.00
# Visual Studio 15
Project("{FAE04EC0-301F-11D3-BF4B-00C04F79EFBC}") = "Assembly-CSharp", "Assembly-CSharp.csproj", "{F62A39AE-6AF1-3279-E813-DFF9E0AD0BD6}"
EndProject
Project("{FAE04EC0-301F-11D3-BF4B-00C04F79EFBC}") = "Assembly-CSharp-Editor", "Assembly-CSharp-Editor.csproj", "{DEFC2085-F280-491A-5455-ECADC4973591}"
EndProject
Global
	GlobalSection(SolutionConfigurationPlatforms) = preSolution
		Debug|Any CPU = Debug|Any CPU
		Release|Any CPU = Release|Any CPU
	EndGlobalSection
	GlobalSection(ProjectConfigurationPlatforms) = postSolution
		{F62A39AE-6AF1-3279-E813-DFF9E0AD0BD6}.Debug|Any CPU.ActiveCfg = Debug|Any CPU
		{F62A39AE-6AF1-3279-E813-DFF9E0AD0BD6}.Debug|Any CPU.Build.0 = Debug|Any CPU
		{F62A39AE-6AF1-3279-E813-DFF9E0AD0BD6}.Release|Any CPU.ActiveCfg = Release|Any CPU
		{F62A39AE-6AF1-3279-E813-DFF9E0AD0BD6}.Release|Any CPU.Build.0 = Release|Any CPU
		{DEFC2085-F280-491A-5455-ECADC4973591}.Debug|Any CPU.ActiveCfg = Debug|Any CPU
		{DEFC2085-F280-491A-5455-ECADC4973591}.Debug|Any CPU.Build.0 = Debug|Any CPU
		{DEFC2085-F280-491A-5455-ECADC4973591}.Release|Any CPU.ActiveCfg = Release|Any CPU
		{DEFC2085-F280-491A-5455-ECADC4973591}.Release|Any CPU.Build.0 = Release|Any CPU
	EndGlobalSection
	GlobalSection(SolutionProperties) = preSolution
		HideSolutionNode = FALSE
	EndGlobalSection
EndGlobal
